// !$*UTF8*$!
{
	archiveVersion = 1;
	classes = {
	};
	objectVersion = 51;
	objects = {

/* Begin PBXBuildFile section */
		53C8C8D1EBF922A316E1BBC9 /* Pods_CatsTests.framework in Frameworks */ = {isa = PBXBuildFile; fileRef = B886E8855FF55E90B4D839CA /* Pods_CatsTests.framework */; };
		D99B744E258CE4B7000B8892 /* CatsRepository.swift in Sources */ = {isa = PBXBuildFile; fileRef = D99B744D258CE4B7000B8892 /* CatsRepository.swift */; };
		D9B443A1258A811C001FBB00 /* AppDelegate.swift in Sources */ = {isa = PBXBuildFile; fileRef = D9B443A0258A811C001FBB00 /* AppDelegate.swift */; };
		D9B443A3258A811C001FBB00 /* SceneDelegate.swift in Sources */ = {isa = PBXBuildFile; fileRef = D9B443A2258A811C001FBB00 /* SceneDelegate.swift */; };
		D9B443A5258A811C001FBB00 /* HomeViewController.swift in Sources */ = {isa = PBXBuildFile; fileRef = D9B443A4258A811C001FBB00 /* HomeViewController.swift */; };
		D9B443A8258A811C001FBB00 /* Main.storyboard in Resources */ = {isa = PBXBuildFile; fileRef = D9B443A6258A811C001FBB00 /* Main.storyboard */; };
		D9B443AA258A8122001FBB00 /* Assets.xcassets in Resources */ = {isa = PBXBuildFile; fileRef = D9B443A9258A8122001FBB00 /* Assets.xcassets */; };
		D9B443AD258A8122001FBB00 /* LaunchScreen.storyboard in Resources */ = {isa = PBXBuildFile; fileRef = D9B443AB258A8122001FBB00 /* LaunchScreen.storyboard */; };
		D9B443B8258A8122001FBB00 /* CatsTests.swift in Sources */ = {isa = PBXBuildFile; fileRef = D9B443B7258A8122001FBB00 /* CatsTests.swift */; };
		F135B7213D081CDCD3E4EAF0 /* Pods_Cats.framework in Frameworks */ = {isa = PBXBuildFile; fileRef = BFF3041373E5695CC7CCE3A3 /* Pods_Cats.framework */; };
/* End PBXBuildFile section */

/* Begin PBXContainerItemProxy section */
		D9B443B4258A8122001FBB00 /* PBXContainerItemProxy */ = {
			isa = PBXContainerItemProxy;
			containerPortal = D9B44395258A811C001FBB00 /* Project object */;
			proxyType = 1;
			remoteGlobalIDString = D9B4439C258A811C001FBB00;
			remoteInfo = Cats;
		};
/* End PBXContainerItemProxy section */

/* Begin PBXFileReference section */
		1ACC7D3121EB9A2F7173F0A1 /* Pods-CatsTests.debug.xcconfig */ = {isa = PBXFileReference; includeInIndex = 1; lastKnownFileType = text.xcconfig; name = "Pods-CatsTests.debug.xcconfig"; path = "Target Support Files/Pods-CatsTests/Pods-CatsTests.debug.xcconfig"; sourceTree = "<group>"; };
		6C3DC2662527B558633C6D55 /* Pods-CatsTests.release.xcconfig */ = {isa = PBXFileReference; includeInIndex = 1; lastKnownFileType = text.xcconfig; name = "Pods-CatsTests.release.xcconfig"; path = "Target Support Files/Pods-CatsTests/Pods-CatsTests.release.xcconfig"; sourceTree = "<group>"; };
		8D97A5DCB304685116450AA8 /* Pods-Cats.debug.xcconfig */ = {isa = PBXFileReference; includeInIndex = 1; lastKnownFileType = text.xcconfig; name = "Pods-Cats.debug.xcconfig"; path = "Target Support Files/Pods-Cats/Pods-Cats.debug.xcconfig"; sourceTree = "<group>"; };
		B886E8855FF55E90B4D839CA /* Pods_CatsTests.framework */ = {isa = PBXFileReference; explicitFileType = wrapper.framework; includeInIndex = 0; path = Pods_CatsTests.framework; sourceTree = BUILT_PRODUCTS_DIR; };
		BFF3041373E5695CC7CCE3A3 /* Pods_Cats.framework */ = {isa = PBXFileReference; explicitFileType = wrapper.framework; includeInIndex = 0; path = Pods_Cats.framework; sourceTree = BUILT_PRODUCTS_DIR; };
		D99B744D258CE4B7000B8892 /* CatsRepository.swift */ = {isa = PBXFileReference; lastKnownFileType = sourcecode.swift; path = CatsRepository.swift; sourceTree = "<group>"; };
		D9B4439D258A811C001FBB00 /* Cats.app */ = {isa = PBXFileReference; explicitFileType = wrapper.application; includeInIndex = 0; path = Cats.app; sourceTree = BUILT_PRODUCTS_DIR; };
		D9B443A0258A811C001FBB00 /* AppDelegate.swift */ = {isa = PBXFileReference; lastKnownFileType = sourcecode.swift; path = AppDelegate.swift; sourceTree = "<group>"; };
		D9B443A2258A811C001FBB00 /* SceneDelegate.swift */ = {isa = PBXFileReference; lastKnownFileType = sourcecode.swift; path = SceneDelegate.swift; sourceTree = "<group>"; };
		D9B443A4258A811C001FBB00 /* HomeViewController.swift */ = {isa = PBXFileReference; lastKnownFileType = sourcecode.swift; path = HomeViewController.swift; sourceTree = "<group>"; };
		D9B443A7258A811C001FBB00 /* Base */ = {isa = PBXFileReference; lastKnownFileType = file.storyboard; name = Base; path = Base.lproj/Main.storyboard; sourceTree = "<group>"; };
		D9B443A9258A8122001FBB00 /* Assets.xcassets */ = {isa = PBXFileReference; lastKnownFileType = folder.assetcatalog; path = Assets.xcassets; sourceTree = "<group>"; };
		D9B443AC258A8122001FBB00 /* Base */ = {isa = PBXFileReference; lastKnownFileType = file.storyboard; name = Base; path = Base.lproj/LaunchScreen.storyboard; sourceTree = "<group>"; };
		D9B443AE258A8122001FBB00 /* Info.plist */ = {isa = PBXFileReference; lastKnownFileType = text.plist.xml; path = Info.plist; sourceTree = "<group>"; };
		D9B443B3258A8122001FBB00 /* CatsTests.xctest */ = {isa = PBXFileReference; explicitFileType = wrapper.cfbundle; includeInIndex = 0; path = CatsTests.xctest; sourceTree = BUILT_PRODUCTS_DIR; };
		D9B443B7258A8122001FBB00 /* CatsTests.swift */ = {isa = PBXFileReference; lastKnownFileType = sourcecode.swift; path = CatsTests.swift; sourceTree = "<group>"; };
		D9B443B9258A8122001FBB00 /* Info.plist */ = {isa = PBXFileReference; lastKnownFileType = text.plist.xml; path = Info.plist; sourceTree = "<group>"; };
		E73A974CE455E779C1B950D8 /* Pods-Cats.release.xcconfig */ = {isa = PBXFileReference; includeInIndex = 1; lastKnownFileType = text.xcconfig; name = "Pods-Cats.release.xcconfig"; path = "Target Support Files/Pods-Cats/Pods-Cats.release.xcconfig"; sourceTree = "<group>"; };
/* End PBXFileReference section */

/* Begin PBXFrameworksBuildPhase section */
		D9B4439A258A811C001FBB00 /* Frameworks */ = {
			isa = PBXFrameworksBuildPhase;
			buildActionMask = 2147483647;
			files = (
				F135B7213D081CDCD3E4EAF0 /* Pods_Cats.framework in Frameworks */,
			);
			runOnlyForDeploymentPostprocessing = 0;
		};
		D9B443B0258A8122001FBB00 /* Frameworks */ = {
			isa = PBXFrameworksBuildPhase;
			buildActionMask = 2147483647;
			files = (
				53C8C8D1EBF922A316E1BBC9 /* Pods_CatsTests.framework in Frameworks */,
			);
			runOnlyForDeploymentPostprocessing = 0;
		};
/* End PBXFrameworksBuildPhase section */

/* Begin PBXGroup section */
		61CA42AD0F71D8449CC2C4C9 /* Pods */ = {
			isa = PBXGroup;
			children = (
				8D97A5DCB304685116450AA8 /* Pods-Cats.debug.xcconfig */,
				E73A974CE455E779C1B950D8 /* Pods-Cats.release.xcconfig */,
				1ACC7D3121EB9A2F7173F0A1 /* Pods-CatsTests.debug.xcconfig */,
				6C3DC2662527B558633C6D55 /* Pods-CatsTests.release.xcconfig */,
			);
			path = Pods;
			sourceTree = "<group>";
		};
		7502ED4ED850D98A326E9319 /* Frameworks */ = {
			isa = PBXGroup;
			children = (
				BFF3041373E5695CC7CCE3A3 /* Pods_Cats.framework */,
				B886E8855FF55E90B4D839CA /* Pods_CatsTests.framework */,
			);
			name = Frameworks;
			sourceTree = "<group>";
		};
		D9B44394258A811C001FBB00 = {
			isa = PBXGroup;
			children = (
				D9B4439F258A811C001FBB00 /* Cats */,
				D9B443B6258A8122001FBB00 /* CatsTests */,
				D9B4439E258A811C001FBB00 /* Products */,
				61CA42AD0F71D8449CC2C4C9 /* Pods */,
				7502ED4ED850D98A326E9319 /* Frameworks */,
			);
			sourceTree = "<group>";
		};
		D9B4439E258A811C001FBB00 /* Products */ = {
			isa = PBXGroup;
			children = (
				D9B4439D258A811C001FBB00 /* Cats.app */,
				D9B443B3258A8122001FBB00 /* CatsTests.xctest */,
			);
			name = Products;
			sourceTree = "<group>";
		};
		D9B4439F258A811C001FBB00 /* Cats */ = {
			isa = PBXGroup;
			children = (
				D9B443A0258A811C001FBB00 /* AppDelegate.swift */,
				D9B443A2258A811C001FBB00 /* SceneDelegate.swift */,
				D99B744D258CE4B7000B8892 /* CatsRepository.swift */,
				D9B443A4258A811C001FBB00 /* HomeViewController.swift */,
				D9B443A6258A811C001FBB00 /* Main.storyboard */,
				D9B443A9258A8122001FBB00 /* Assets.xcassets */,
				D9B443AB258A8122001FBB00 /* LaunchScreen.storyboard */,
				D9B443AE258A8122001FBB00 /* Info.plist */,
			);
			path = Cats;
			sourceTree = "<group>";
		};
		D9B443B6258A8122001FBB00 /* CatsTests */ = {
			isa = PBXGroup;
			children = (
				D9B443B7258A8122001FBB00 /* CatsTests.swift */,
				D9B443B9258A8122001FBB00 /* Info.plist */,
			);
			path = CatsTests;
			sourceTree = "<group>";
		};
/* End PBXGroup section */

/* Begin PBXNativeTarget section */
		D9B4439C258A811C001FBB00 /* Cats */ = {
			isa = PBXNativeTarget;
			buildConfigurationList = D9B443BC258A8122001FBB00 /* Build configuration list for PBXNativeTarget "Cats" */;
			buildPhases = (
				6D74B64EFF6951EF3D39516B /* [CP] Check Pods Manifest.lock */,
				D9B44399258A811C001FBB00 /* Sources */,
				D9B4439A258A811C001FBB00 /* Frameworks */,
				D9B4439B258A811C001FBB00 /* Resources */,
				8171CCBDB1686AFDB31AA497 /* [CP] Embed Pods Frameworks */,
			);
			buildRules = (
			);
			dependencies = (
			);
			name = Cats;
			productName = Cats;
			productReference = D9B4439D258A811C001FBB00 /* Cats.app */;
			productType = "com.apple.product-type.application";
		};
		D9B443B2258A8122001FBB00 /* CatsTests */ = {
			isa = PBXNativeTarget;
			buildConfigurationList = D9B443BF258A8122001FBB00 /* Build configuration list for PBXNativeTarget "CatsTests" */;
			buildPhases = (
				B1BC0A024BB54B7C963DDF90 /* [CP] Check Pods Manifest.lock */,
				D9B443AF258A8122001FBB00 /* Sources */,
				D9B443B0258A8122001FBB00 /* Frameworks */,
				D9B443B1258A8122001FBB00 /* Resources */,
			);
			buildRules = (
			);
			dependencies = (
				D9B443B5258A8122001FBB00 /* PBXTargetDependency */,
			);
			name = CatsTests;
			productName = CatsTests;
			productReference = D9B443B3258A8122001FBB00 /* CatsTests.xctest */;
			productType = "com.apple.product-type.bundle.unit-test";
		};
/* End PBXNativeTarget section */

/* Begin PBXProject section */
		D9B44395258A811C001FBB00 /* Project object */ = {
			isa = PBXProject;
			attributes = {
				LastSwiftUpdateCheck = 1120;
				LastUpgradeCheck = 1120;
				ORGANIZATIONNAME = "Julieta Fer";
				TargetAttributes = {
					D9B4439C258A811C001FBB00 = {
						CreatedOnToolsVersion = 11.2.1;
					};
					D9B443B2258A8122001FBB00 = {
						CreatedOnToolsVersion = 11.2.1;
						TestTargetID = D9B4439C258A811C001FBB00;
					};
				};
			};
			buildConfigurationList = D9B44398258A811C001FBB00 /* Build configuration list for PBXProject "Cats" */;
			compatibilityVersion = "Xcode 9.3";
			developmentRegion = en;
			hasScannedForEncodings = 0;
			knownRegions = (
				en,
				Base,
			);
			mainGroup = D9B44394258A811C001FBB00;
			productRefGroup = D9B4439E258A811C001FBB00 /* Products */;
			projectDirPath = "";
			projectRoot = "";
			targets = (
				D9B4439C258A811C001FBB00 /* Cats */,
				D9B443B2258A8122001FBB00 /* CatsTests */,
			);
		};
/* End PBXProject section */

/* Begin PBXResourcesBuildPhase section */
		D9B4439B258A811C001FBB00 /* Resources */ = {
			isa = PBXResourcesBuildPhase;
			buildActionMask = 2147483647;
			files = (
				D9B443AD258A8122001FBB00 /* LaunchScreen.storyboard in Resources */,
				D9B443AA258A8122001FBB00 /* Assets.xcassets in Resources */,
				D9B443A8258A811C001FBB00 /* Main.storyboard in Resources */,
			);
			runOnlyForDeploymentPostprocessing = 0;
		};
		D9B443B1258A8122001FBB00 /* Resources */ = {
			isa = PBXResourcesBuildPhase;
			buildActionMask = 2147483647;
			files = (
			);
			runOnlyForDeploymentPostprocessing = 0;
		};
/* End PBXResourcesBuildPhase section */

/* Begin PBXShellScriptBuildPhase section */
		6D74B64EFF6951EF3D39516B /* [CP] Check Pods Manifest.lock */ = {
			isa = PBXShellScriptBuildPhase;
			buildActionMask = 2147483647;
			files = (
			);
			inputFileListPaths = (
			);
			inputPaths = (
				"${PODS_PODFILE_DIR_PATH}/Podfile.lock",
				"${PODS_ROOT}/Manifest.lock",
			);
			name = "[CP] Check Pods Manifest.lock";
			outputFileListPaths = (
			);
			outputPaths = (
				"$(DERIVED_FILE_DIR)/Pods-Cats-checkManifestLockResult.txt",
			);
			runOnlyForDeploymentPostprocessing = 0;
			shellPath = /bin/sh;
			shellScript = "diff \"${PODS_PODFILE_DIR_PATH}/Podfile.lock\" \"${PODS_ROOT}/Manifest.lock\" > /dev/null\nif [ $? != 0 ] ; then\n    # print error to STDERR\n    echo \"error: The sandbox is not in sync with the Podfile.lock. Run 'pod install' or update your CocoaPods installation.\" >&2\n    exit 1\nfi\n# This output is used by Xcode 'outputs' to avoid re-running this script phase.\necho \"SUCCESS\" > \"${SCRIPT_OUTPUT_FILE_0}\"\n";
			showEnvVarsInLog = 0;
		};
		8171CCBDB1686AFDB31AA497 /* [CP] Embed Pods Frameworks */ = {
			isa = PBXShellScriptBuildPhase;
			buildActionMask = 2147483647;
			files = (
			);
			inputFileListPaths = (
				"${PODS_ROOT}/Target Support Files/Pods-Cats/Pods-Cats-frameworks-${CONFIGURATION}-input-files.xcfilelist",
			);
			name = "[CP] Embed Pods Frameworks";
			outputFileListPaths = (
				"${PODS_ROOT}/Target Support Files/Pods-Cats/Pods-Cats-frameworks-${CONFIGURATION}-output-files.xcfilelist",
			);
			runOnlyForDeploymentPostprocessing = 0;
			shellPath = /bin/sh;
			shellScript = "\"${PODS_ROOT}/Target Support Files/Pods-Cats/Pods-Cats-frameworks.sh\"\n";
			showEnvVarsInLog = 0;
		};
		B1BC0A024BB54B7C963DDF90 /* [CP] Check Pods Manifest.lock */ = {
			isa = PBXShellScriptBuildPhase;
			buildActionMask = 2147483647;
			files = (
			);
			inputFileListPaths = (
			);
			inputPaths = (
				"${PODS_PODFILE_DIR_PATH}/Podfile.lock",
				"${PODS_ROOT}/Manifest.lock",
			);
			name = "[CP] Check Pods Manifest.lock";
			outputFileListPaths = (
			);
			outputPaths = (
				"$(DERIVED_FILE_DIR)/Pods-CatsTests-checkManifestLockResult.txt",
			);
			runOnlyForDeploymentPostprocessing = 0;
			shellPath = /bin/sh;
			shellScript = "diff \"${PODS_PODFILE_DIR_PATH}/Podfile.lock\" \"${PODS_ROOT}/Manifest.lock\" > /dev/null\nif [ $? != 0 ] ; then\n    # print error to STDERR\n    echo \"error: The sandbox is not in sync with the Podfile.lock. Run 'pod install' or update your CocoaPods installation.\" >&2\n    exit 1\nfi\n# This output is used by Xcode 'outputs' to avoid re-running this script phase.\necho \"SUCCESS\" > \"${SCRIPT_OUTPUT_FILE_0}\"\n";
			showEnvVarsInLog = 0;
		};
/* End PBXShellScriptBuildPhase section */

/* Begin PBXSourcesBuildPhase section */
		D9B44399258A811C001FBB00 /* Sources */ = {
			isa = PBXSourcesBuildPhase;
			buildActionMask = 2147483647;
			files = (
				D9B443A5258A811C001FBB00 /* HomeViewController.swift in Sources */,
				D9B443A1258A811C001FBB00 /* AppDelegate.swift in Sources */,
				D99B744E258CE4B7000B8892 /* CatsRepository.swift in Sources */,
				D9B443A3258A811C001FBB00 /* SceneDelegate.swift in Sources */,
			);
			runOnlyForDeploymentPostprocessing = 0;
		};
		D9B443AF258A8122001FBB00 /* Sources */ = {
			isa = PBXSourcesBuildPhase;
			buildActionMask = 2147483647;
			files = (
				D9B443B8258A8122001FBB00 /* CatsTests.swift in Sources */,
			);
			runOnlyForDeploymentPostprocessing = 0;
		};
/* End PBXSourcesBuildPhase section */

/* Begin PBXTargetDependency section */
		D9B443B5258A8122001FBB00 /* PBXTargetDependency */ = {
			isa = PBXTargetDependency;
			target = D9B4439C258A811C001FBB00 /* Cats */;
			targetProxy = D9B443B4258A8122001FBB00 /* PBXContainerItemProxy */;
		};
/* End PBXTargetDependency section */

/* Begin PBXVariantGroup section */
		D9B443A6258A811C001FBB00 /* Main.storyboard */ = {
			isa = PBXVariantGroup;
			children = (
				D9B443A7258A811C001FBB00 /* Base */,
			);
			name = Main.storyboard;
			sourceTree = "<group>";
		};
		D9B443AB258A8122001FBB00 /* LaunchScreen.storyboard */ = {
			isa = PBXVariantGroup;
			children = (
				D9B443AC258A8122001FBB00 /* Base */,
			);
			name = LaunchScreen.storyboard;
			sourceTree = "<group>";
		};
/* End PBXVariantGroup section */

/* Begin XCBuildConfiguration section */
		D9B443BA258A8122001FBB00 /* Debug */ = {
			isa = XCBuildConfiguration;
			buildSettings = {
				ALWAYS_SEARCH_USER_PATHS = NO;
				CLANG_ANALYZER_NONNULL = YES;
				CLANG_ANALYZER_NUMBER_OBJECT_CONVERSION = YES_AGGRESSIVE;
				CLANG_CXX_LANGUAGE_STANDARD = "gnu++14";
				CLANG_CXX_LIBRARY = "libc++";
				CLANG_ENABLE_MODULES = YES;
				CLANG_ENABLE_OBJC_ARC = YES;
				CLANG_ENABLE_OBJC_WEAK = YES;
				CLANG_WARN_BLOCK_CAPTURE_AUTORELEASING = YES;
				CLANG_WARN_BOOL_CONVERSION = YES;
				CLANG_WARN_COMMA = YES;
				CLANG_WARN_CONSTANT_CONVERSION = YES;
				CLANG_WARN_DEPRECATED_OBJC_IMPLEMENTATIONS = YES;
				CLANG_WARN_DIRECT_OBJC_ISA_USAGE = YES_ERROR;
				CLANG_WARN_DOCUMENTATION_COMMENTS = YES;
				CLANG_WARN_EMPTY_BODY = YES;
				CLANG_WARN_ENUM_CONVERSION = YES;
				CLANG_WARN_INFINITE_RECURSION = YES;
				CLANG_WARN_INT_CONVERSION = YES;
				CLANG_WARN_NON_LITERAL_NULL_CONVERSION = YES;
				CLANG_WARN_OBJC_IMPLICIT_RETAIN_SELF = YES;
				CLANG_WARN_OBJC_LITERAL_CONVERSION = YES;
				CLANG_WARN_OBJC_ROOT_CLASS = YES_ERROR;
				CLANG_WARN_RANGE_LOOP_ANALYSIS = YES;
				CLANG_WARN_STRICT_PROTOTYPES = YES;
				CLANG_WARN_SUSPICIOUS_MOVE = YES;
				CLANG_WARN_UNGUARDED_AVAILABILITY = YES_AGGRESSIVE;
				CLANG_WARN_UNREACHABLE_CODE = YES;
				CLANG_WARN__DUPLICATE_METHOD_MATCH = YES;
				COPY_PHASE_STRIP = NO;
				DEBUG_INFORMATION_FORMAT = dwarf;
				ENABLE_STRICT_OBJC_MSGSEND = YES;
				ENABLE_TESTABILITY = YES;
				GCC_C_LANGUAGE_STANDARD = gnu11;
				GCC_DYNAMIC_NO_PIC = NO;
				GCC_NO_COMMON_BLOCKS = YES;
				GCC_OPTIMIZATION_LEVEL = 0;
				GCC_PREPROCESSOR_DEFINITIONS = (
					"DEBUG=1",
					"$(inherited)",
				);
				GCC_WARN_64_TO_32_BIT_CONVERSION = YES;
				GCC_WARN_ABOUT_RETURN_TYPE = YES_ERROR;
				GCC_WARN_UNDECLARED_SELECTOR = YES;
				GCC_WARN_UNINITIALIZED_AUTOS = YES_AGGRESSIVE;
				GCC_WARN_UNUSED_FUNCTION = YES;
				GCC_WARN_UNUSED_VARIABLE = YES;
				IPHONEOS_DEPLOYMENT_TARGET = 13.2;
				MTL_ENABLE_DEBUG_INFO = INCLUDE_SOURCE;
				MTL_FAST_MATH = YES;
				ONLY_ACTIVE_ARCH = YES;
				SDKROOT = iphoneos;
				SWIFT_ACTIVE_COMPILATION_CONDITIONS = DEBUG;
				SWIFT_OPTIMIZATION_LEVEL = "-Onone";
			};
			name = Debug;
		};
		D9B443BB258A8122001FBB00 /* Release */ = {
			isa = XCBuildConfiguration;
			buildSettings = {
				ALWAYS_SEARCH_USER_PATHS = NO;
				CLANG_ANALYZER_NONNULL = YES;
				CLANG_ANALYZER_NUMBER_OBJECT_CONVERSION = YES_AGGRESSIVE;
				CLANG_CXX_LANGUAGE_STANDARD = "gnu++14";
				CLANG_CXX_LIBRARY = "libc++";
				CLANG_ENABLE_MODULES = YES;
				CLANG_ENABLE_OBJC_ARC = YES;
				CLANG_ENABLE_OBJC_WEAK = YES;
				CLANG_WARN_BLOCK_CAPTURE_AUTORELEASING = YES;
				CLANG_WARN_BOOL_CONVERSION = YES;
				CLANG_WARN_COMMA = YES;
				CLANG_WARN_CONSTANT_CONVERSION = YES;
				CLANG_WARN_DEPRECATED_OBJC_IMPLEMENTATIONS = YES;
				CLANG_WARN_DIRECT_OBJC_ISA_USAGE = YES_ERROR;
				CLANG_WARN_DOCUMENTATION_COMMENTS = YES;
				CLANG_WARN_EMPTY_BODY = YES;
				CLANG_WARN_ENUM_CONVERSION = YES;
				CLANG_WARN_INFINITE_RECURSION = YES;
				CLANG_WARN_INT_CONVERSION = YES;
				CLANG_WARN_NON_LITERAL_NULL_CONVERSION = YES;
				CLANG_WARN_OBJC_IMPLICIT_RETAIN_SELF = YES;
				CLANG_WARN_OBJC_LITERAL_CONVERSION = YES;
				CLANG_WARN_OBJC_ROOT_CLASS = YES_ERROR;
				CLANG_WARN_RANGE_LOOP_ANALYSIS = YES;
				CLANG_WARN_STRICT_PROTOTYPES = YES;
				CLANG_WARN_SUSPICIOUS_MOVE = YES;
				CLANG_WARN_UNGUARDED_AVAILABILITY = YES_AGGRESSIVE;
				CLANG_WARN_UNREACHABLE_CODE = YES;
				CLANG_WARN__DUPLICATE_METHOD_MATCH = YES;
				COPY_PHASE_STRIP = NO;
				DEBUG_INFORMATION_FORMAT = "dwarf-with-dsym";
				ENABLE_NS_ASSERTIONS = NO;
				ENABLE_STRICT_OBJC_MSGSEND = YES;
				GCC_C_LANGUAGE_STANDARD = gnu11;
				GCC_NO_COMMON_BLOCKS = YES;
				GCC_WARN_64_TO_32_BIT_CONVERSION = YES;
				GCC_WARN_ABOUT_RETURN_TYPE = YES_ERROR;
				GCC_WARN_UNDECLARED_SELECTOR = YES;
				GCC_WARN_UNINITIALIZED_AUTOS = YES_AGGRESSIVE;
				GCC_WARN_UNUSED_FUNCTION = YES;
				GCC_WARN_UNUSED_VARIABLE = YES;
				IPHONEOS_DEPLOYMENT_TARGET = 13.2;
				MTL_ENABLE_DEBUG_INFO = NO;
				MTL_FAST_MATH = YES;
				SDKROOT = iphoneos;
				SWIFT_COMPILATION_MODE = wholemodule;
				SWIFT_OPTIMIZATION_LEVEL = "-O";
				VALIDATE_PRODUCT = YES;
			};
			name = Release;
		};
		D9B443BD258A8122001FBB00 /* Debug */ = {
			isa = XCBuildConfiguration;
			baseConfigurationReference = 8D97A5DCB304685116450AA8 /* Pods-Cats.debug.xcconfig */;
			buildSettings = {
				ASSETCATALOG_COMPILER_APPICON_NAME = AppIcon;
				CODE_SIGN_STYLE = Automatic;
				INFOPLIST_FILE = Cats/Info.plist;
				LD_RUNPATH_SEARCH_PATHS = (
					"$(inherited)",
					"@executable_path/Frameworks",
				);
				PRODUCT_BUNDLE_IDENTIFIER = juli.Cats;
				PRODUCT_NAME = "$(TARGET_NAME)";
				SWIFT_VERSION = 5.0;
				TARGETED_DEVICE_FAMILY = "1,2";
			};
			name = Debug;
		};
		D9B443BE258A8122001FBB00 /* Release */ = {
			isa = XCBuildConfiguration;
			baseConfigurationReference = E73A974CE455E779C1B950D8 /* Pods-Cats.release.xcconfig */;
			buildSettings = {
				ASSETCATALOG_COMPILER_APPICON_NAME = AppIcon;
				CODE_SIGN_STYLE = Automatic;
				INFOPLIST_FILE = Cats/Info.plist;
				LD_RUNPATH_SEARCH_PATHS = (
					"$(inherited)",
					"@executable_path/Frameworks",
				);
				PRODUCT_BUNDLE_IDENTIFIER = juli.Cats;
				PRODUCT_NAME = "$(TARGET_NAME)";
				SWIFT_VERSION = 5.0;
				TARGETED_DEVICE_FAMILY = "1,2";
			};
			name = Release;
		};
		D9B443C0258A8122001FBB00 /* Debug */ = {
			isa = XCBuildConfiguration;
			baseConfigurationReference = 1ACC7D3121EB9A2F7173F0A1 /* Pods-CatsTests.debug.xcconfig */;
			buildSettings = {
				ALWAYS_EMBED_SWIFT_STANDARD_LIBRARIES = YES;
				BUNDLE_LOADER = "$(TEST_HOST)";
				CODE_SIGN_STYLE = Automatic;
				INFOPLIST_FILE = CatsTests/Info.plist;
				IPHONEOS_DEPLOYMENT_TARGET = 13.2;
				LD_RUNPATH_SEARCH_PATHS = (
					"$(inherited)",
					"@executable_path/Frameworks",
					"@loader_path/Frameworks",
				);
				PRODUCT_BUNDLE_IDENTIFIER = juli.CatsTests;
				PRODUCT_NAME = "$(TARGET_NAME)";
				SWIFT_VERSION = 5.0;
				TARGETED_DEVICE_FAMILY = "1,2";
				TEST_HOST = "$(BUILT_PRODUCTS_DIR)/Cats.app/Cats";
			};
			name = Debug;
		};
		D9B443C1258A8122001FBB00 /* Release */ = {
			isa = XCBuildConfiguration;
			baseConfigurationReference = 6C3DC2662527B558633C6D55 /* Pods-CatsTests.release.xcconfig */;
			buildSettings = {
				ALWAYS_EMBED_SWIFT_STANDARD_LIBRARIES = YES;
				BUNDLE_LOADER = "$(TEST_HOST)";
				CODE_SIGN_STYLE = Automatic;
				INFOPLIST_FILE = CatsTests/Info.plist;
				IPHONEOS_DEPLOYMENT_TARGET = 13.2;
				LD_RUNPATH_SEARCH_PATHS = (
					"$(inherited)",
					"@executable_path/Frameworks",
					"@loader_path/Frameworks",
				);
				PRODUCT_BUNDLE_IDENTIFIER = juli.CatsTests;
				PRODUCT_NAME = "$(TARGET_NAME)";
				SWIFT_VERSION = 5.0;
				TARGETED_DEVICE_FAMILY = "1,2";
				TEST_HOST = "$(BUILT_PRODUCTS_DIR)/Cats.app/Cats";
			};
			name = Release;
		};
/* End XCBuildConfiguration section */

/* Begin XCConfigurationList section */
		D9B44398258A811C001FBB00 /* Build configuration list for PBXProject "Cats" */ = {
			isa = XCConfigurationList;
			buildConfigurations = (
				D9B443BA258A8122001FBB00 /* Debug */,
				D9B443BB258A8122001FBB00 /* Release */,
			);
			defaultConfigurationIsVisible = 0;
			defaultConfigurationName = Release;
		};
		D9B443BC258A8122001FBB00 /* Build configuration list for PBXNativeTarget "Cats" */ = {
			isa = XCConfigurationList;
			buildConfigurations = (
				D9B443BD258A8122001FBB00 /* Debug */,
				D9B443BE258A8122001FBB00 /* Release */,
			);
			defaultConfigurationIsVisible = 0;
			defaultConfigurationName = Release;
		};
		D9B443BF258A8122001FBB00 /* Build configuration list for PBXNativeTarget "CatsTests" */ = {
			isa = XCConfigurationList;
			buildConfigurations = (
				D9B443C0258A8122001FBB00 /* Debug */,
				D9B443C1258A8122001FBB00 /* Release */,
			);
			defaultConfigurationIsVisible = 0;
			defaultConfigurationName = Release;
		};
/* End XCConfigurationList section */
	};
	rootObject = D9B44395258A811C001FBB00 /* Project object */;
}
